
Microsoft Visual Studio Solution File, Format Version 12.00
# Visual Studio 15
VisualStudioVersion = 15.0.28010.2016
MinimumVisualStudioVersion = 10.0.40219.1
Project("{8BC9CEB8-8B4A-11D0-8D11-00A0C91BC942}") = "cuda", "cuda\cuda.vcxproj", "{20BD187E-5696-4871-B40D-E1E9ED3FD0F2}"
EndProject
Global
	GlobalSection(SolutionConfigurationPlatforms) = preSolution
		Debug|x64 = Debug|x64
		Debug|x86 = Debug|x86
		Release|x64 = Release|x64
		Release|x86 = Release|x86
	EndGlobalSection
	GlobalSection(ProjectConfigurationPlatforms) = postSolution
		{20BD187E-5696-4871-B40D-E1E9ED3FD0F2}.Debug|x64.ActiveCfg = Debug|x64
		{20BD187E-5696-4871-B40D-E1E9ED3FD0F2}.Debug|x64.Build.0 = Debug|x64
		{20BD187E-5696-4871-B40D-E1E9ED3FD0F2}.Debug|x86.ActiveCfg = Debug|Win32
		{20BD187E-5696-4871-B40D-E1E9ED3FD0F2}.Debug|x86.Build.0 = Debug|Win32
		{20BD187E-5696-4871-B40D-E1E9ED3FD0F2}.Release|x64.ActiveCfg = Release|x64
		{20BD187E-5696-4871-B40D-E1E9ED3FD0F2}.Release|x64.Build.0 = Release|x64
		{20BD187E-5696-4871-B40D-E1E9ED3FD0F2}.Release|x86.ActiveCfg = Release|Win32
		{20BD187E-5696-4871-B40D-E1E9ED3FD0F2}.Release|x86.Build.0 = Release|Win32
	EndGlobalSection
	GlobalSection(SolutionProperties) = preSolution
		HideSolutionNode = FALSE
	EndGlobalSection
	GlobalSection(ExtensibilityGlobals) = postSolution
		SolutionGuid = {83D4EC8A-DA48-420B-9A8E-EE360FF9C1F0}
	EndGlobalSection
EndGlobal
